
Microsoft Visual Studio Solution File, Format Version 12.00
# Visual Studio Version 17
VisualStudioVersion = 17.10.35027.167
MinimumVisualStudioVersion = 10.0.40219.1
Project("{9A19103F-16F7-4668-BE54-9A1E7A4F7556}") = "AppAzureDevops", "AppAzureDevops.csproj", "{A5159B77-FB93-4AD0-9419-D93B2AED0481}"
EndProject
Global
	GlobalSection(SolutionConfigurationPlatforms) = preSolution
		Debug|Any CPU = Debug|Any CPU
		Release|Any CPU = Release|Any CPU
	EndGlobalSection
	GlobalSection(ProjectConfigurationPlatforms) = postSolution
		{A5159B77-FB93-4AD0-9419-D93B2AED0481}.Debug|Any CPU.ActiveCfg = Debug|Any CPU
		{A5159B77-FB93-4AD0-9419-D93B2AED0481}.Debug|Any CPU.Build.0 = Debug|Any CPU
		{A5159B77-FB93-4AD0-9419-D93B2AED0481}.Release|Any CPU.ActiveCfg = Release|Any CPU
		{A5159B77-FB93-4AD0-9419-D93B2AED0481}.Release|Any CPU.Build.0 = Release|Any CPU
	EndGlobalSection
	GlobalSection(SolutionProperties) = preSolution
		HideSolutionNode = FALSE
	EndGlobalSection
	GlobalSection(ExtensibilityGlobals) = postSolution
		SolutionGuid = {24878356-4B87-4976-A429-312B643B105D}
	EndGlobalSection
EndGlobal
